
Microsoft Visual Studio Solution File, Format Version 12.00
# Visual Studio Version 17
VisualStudioVersion = 17.1.32421.90
MinimumVisualStudioVersion = 10.0.40219.1
Project("{FAE04EC0-301F-11D3-BF4B-00C04F79EFBC}") = "ShopOnline.Web", "ShopOnline.Web\ShopOnline.Web.csproj", "{F2C94F96-C623-472E-8348-71B5AE971BBC}"
EndProject
Project("{FAE04EC0-301F-11D3-BF4B-00C04F79EFBC}") = "ShopOnline.Api", "ShopOnline.Api\ShopOnline.Api.csproj", "{387374AC-F880-4824-95A8-D0DF74418353}"
EndProject
Global
	GlobalSection(SolutionConfigurationPlatforms) = preSolution
		Debug|Any CPU = Debug|Any CPU
		Release|Any CPU = Release|Any CPU
	EndGlobalSection
	GlobalSection(ProjectConfigurationPlatforms) = postSolution
		{F2C94F96-C623-472E-8348-71B5AE971BBC}.Debug|Any CPU.ActiveCfg = Debug|Any CPU
		{F2C94F96-C623-472E-8348-71B5AE971BBC}.Debug|Any CPU.Build.0 = Debug|Any CPU
		{F2C94F96-C623-472E-8348-71B5AE971BBC}.Release|Any CPU.ActiveCfg = Release|Any CPU
		{F2C94F96-C623-472E-8348-71B5AE971BBC}.Release|Any CPU.Build.0 = Release|Any CPU
		{387374AC-F880-4824-95A8-D0DF74418353}.Debug|Any CPU.ActiveCfg = Debug|Any CPU
		{387374AC-F880-4824-95A8-D0DF74418353}.Debug|Any CPU.Build.0 = Debug|Any CPU
		{387374AC-F880-4824-95A8-D0DF74418353}.Release|Any CPU.ActiveCfg = Release|Any CPU
		{387374AC-F880-4824-95A8-D0DF74418353}.Release|Any CPU.Build.0 = Release|Any CPU
	EndGlobalSection
	GlobalSection(SolutionProperties) = preSolution
		HideSolutionNode = FALSE
	EndGlobalSection
	GlobalSection(ExtensibilityGlobals) = postSolution
		SolutionGuid = {CEBBA276-A394-46C6-AC1F-30411B49F6A0}
	EndGlobalSection
EndGlobal
